{
  "name": "vite-ts-angularjs-starter",
  "version": "0.0.0",
  "lockfileVersion": 2,
  "requires": true,
  "packages": {
    "": {
      "version": "0.0.0",
      "dependencies": {
        "angular": "^1.8.2"
      },
      "devDependencies": {
        "@types/angular": "^1.8.3",
        "@vitejs/plugin-legacy": "^1.6.2",
        "typescript": "^4.4.4",
        "vite": "^2.6.12"
      }
    },
    "node_modules/@babel/standalone": {
      "version": "7.15.8",
      "resolved": "https://registry.npmjs.org/@babel/standalone/-/standalone-7.15.8.tgz",
      "integrity": "sha512-EF2uQLeuwflnPRGetWH2Z400ITOSK7YbkXIKxY91EWSiOJ8xsbupT3sx3sFRwVyQgjsHSILFDzLcSo/rGspLhQ==",
      "dev": true,
      "license": "MIT",
      "engines": {
        "node": ">=6.9.0"
      }
    },
    "node_modules/@types/angular": {
      "version": "1.8.3",
      "resolved": "https://registry.npmjs.org/@types/angular/-/angular-1.8.3.tgz",
      "integrity": "sha512-vgc5Z+TD07DT7NEUjFm6XMp0kEbGXIa95XmOL5IiHXR9LdrJpcdDh3jl1nCuZbWyzFn5/1OqtMfomcnA1sUFXQ==",
      "dev": true,
      "license": "MIT"
    },
    "node_modules/@vitejs/plugin-legacy": {
      "version": "1.6.2",
      "resolved": "https://registry.npmjs.org/@vitejs/plugin-legacy/-/plugin-legacy-1.6.2.tgz",
      "integrity": "sha512-p5Bv/827WUpVN2m95ZYXzmjE3AblFE4CHasVoZ7dIwOPlyNcpg70SehEi5AWqyC0E7C1rHD8Nju9rWoV9uBLiw==",
      "dev": true,
      "license": "MIT",
      "dependencies": {
        "@babel/standalone": "^7.15.7",
        "core-js": "^3.18.1",
        "magic-string": "^0.25.7",
        "regenerator-runtime": "^0.13.9",
        "systemjs": "^6.10.3"
      },
      "engines": {
        "node": ">=12.0.0"
      },
      "peerDependencies": {
        "vite": "^2.0.0"
      }
    },
    "node_modules/angular": {
      "version": "1.8.2",
      "resolved": "https://registry.npmjs.org/angular/-/angular-1.8.2.tgz",
      "integrity": "sha512-IauMOej2xEe7/7Ennahkbb5qd/HFADiNuLSESz9Q27inmi32zB0lnAsFeLEWcox3Gd1F6YhNd1CP7/9IukJ0Gw==",
      "license": "MIT"
    },
    "node_modules/core-js": {
      "version": "3.19.0",
      "resolved": "https://registry.npmjs.org/core-js/-/core-js-3.19.0.tgz",
      "integrity": "sha512-L1TpFRWXZ76vH1yLM+z6KssLZrP8Z6GxxW4auoCj+XiViOzNPJCAuTIkn03BGdFe6Z5clX5t64wRIRypsZQrUg==",
      "dev": true,
      "hasInstallScript": true,
      "license": "MIT",
      "funding": {
        "type": "opencollective",
        "url": "https://opencollective.com/core-js"
      }
    },
    "node_modules/esbuild": {
      "version": "0.13.9",
      "resolved": "https://registry.npmjs.org/esbuild/-/esbuild-0.13.9.tgz",
      "integrity": "sha512-8bYcckmisXjGvBMeylp1PRtu21uOoCDFAgXGGF2BR241zYQDN6ZLNvcmQlnQ7olG0p6PRWmJI8WVH3ca8viPuw==",
      "dev": true,
      "hasInstallScript": true,
      "license": "MIT",
      "bin": {
        "esbuild": "bin/esbuild"
      },
      "optionalDependencies": {
        "esbuild-android-arm64": "0.13.9",
        "esbuild-darwin-64": "0.13.9",
        "esbuild-darwin-arm64": "0.13.9",
        "esbuild-freebsd-64": "0.13.9",
        "esbuild-freebsd-arm64": "0.13.9",
        "esbuild-linux-32": "0.13.9",
        "esbuild-linux-64": "0.13.9",
        "esbuild-linux-arm": "0.13.9",
        "esbuild-linux-arm64": "0.13.9",
        "esbuild-linux-mips64le": "0.13.9",
        "esbuild-linux-ppc64le": "0.13.9",
        "esbuild-netbsd-64": "0.13.9",
        "esbuild-openbsd-64": "0.13.9",
        "esbuild-sunos-64": "0.13.9",
        "esbuild-windows-32": "0.13.9",
        "esbuild-windows-64": "0.13.9",
        "esbuild-windows-arm64": "0.13.9"
      }
    },
    "node_modules/esbuild-linux-64": {
      "version": "0.13.9",
      "resolved": "https://registry.npmjs.org/esbuild-linux-64/-/esbuild-linux-64-0.13.9.tgz",
      "integrity": "sha512-L+eAR8o1lAUr9g64RXnBLuWZjAItAOWSUpvkchpa6QvSnXFA/nG6PgGsOBEqhDXl9qYEpGI0ReDrFkf8ByapvQ==",
      "cpu": [
        "x64"
      ],
      "dev": true,
      "license": "MIT",
      "optional": true,
      "os": [
        "linux"
      ]
    },
    "node_modules/function-bind": {
      "version": "1.1.1",
      "resolved": "https://registry.npmjs.org/function-bind/-/function-bind-1.1.1.tgz",
      "integrity": "sha512-yIovAzMX49sF8Yl58fSCWJ5svSLuaibPxXQJFLmBObTuCr0Mf1KiPopGM9NiFjiYBCbfaa2Fh6breQ6ANVTI0A==",
      "dev": true,
      "license": "MIT"
    },
    "node_modules/has": {
      "version": "1.0.3",
      "resolved": "https://registry.npmjs.org/has/-/has-1.0.3.tgz",
      "integrity": "sha512-f2dvO0VU6Oej7RkWJGrehjbzMAjFp5/VKPp5tTpWIV4JHHZK1/BxbFRtf/siA2SWTe09caDmVtYYzWEIbBS4zw==",
      "dev": true,
      "license": "MIT",
      "dependencies": {
        "function-bind": "^1.1.1"
      },
      "engines": {
        "node": ">= 0.4.0"
      }
    },
    "node_modules/is-core-module": {
      "version": "2.8.0",
      "resolved": "https://registry.npmjs.org/is-core-module/-/is-core-module-2.8.0.tgz",
      "integrity": "sha512-vd15qHsaqrRL7dtH6QNuy0ndJmRDrS9HAM1CAiSifNUFv4x1a0CCVsj18hJ1mShxIG6T2i1sO78MkP56r0nYRw==",
      "dev": true,
      "license": "MIT",
      "dependencies": {
        "has": "^1.0.3"
      },
      "funding": {
        "url": "https://github.com/sponsors/ljharb"
      }
    },
    "node_modules/magic-string": {
      "version": "0.25.7",
      "resolved": "https://registry.npmjs.org/magic-string/-/magic-string-0.25.7.tgz",
      "integrity": "sha512-4CrMT5DOHTDk4HYDlzmwu4FVCcIYI8gauveasrdCu2IKIFOJ3f0v/8MDGJCDL9oD2ppz/Av1b0Nj345H9M+XIA==",
      "dev": true,
      "license": "MIT",
      "dependencies": {
        "sourcemap-codec": "^1.4.4"
      }
    },
    "node_modules/nanoid": {
      "version": "3.1.30",
      "resolved": "https://registry.npmjs.org/nanoid/-/nanoid-3.1.30.tgz",
      "integrity": "sha512-zJpuPDwOv8D2zq2WRoMe1HsfZthVewpel9CAvTfc/2mBD1uUT/agc5f7GHGWXlYkFvi1mVxe4IjvP2HNrop7nQ==",
      "dev": true,
      "license": "MIT",
      "bin": {
        "nanoid": "bin/nanoid.cjs"
      },
      "engines": {
        "node": "^10 || ^12 || ^13.7 || ^14 || >=15.0.1"
      }
    },
    "node_modules/path-parse": {
      "version": "1.0.7",
      "resolved": "https://registry.npmjs.org/path-parse/-/path-parse-1.0.7.tgz",
      "integrity": "sha512-LDJzPVEEEPR+y48z93A0Ed0yXb8pAByGWo/k5YYdYgpY2/2EsOsksJrq7lOHxryrVOn1ejG6oAp8ahvOIQD8sw==",
      "dev": true,
      "license": "MIT"
    },
    "node_modules/picocolors": {
      "version": "1.0.0",
      "resolved": "https://registry.npmjs.org/picocolors/-/picocolors-1.0.0.tgz",
      "integrity": "sha512-1fygroTLlHu66zi26VoTDv8yRgm0Fccecssto+MhsZ0D/DGW2sm8E8AjW7NU5VVTRt5GxbeZ5qBuJr+HyLYkjQ==",
      "dev": true,
      "license": "ISC"
    },
    "node_modules/postcss": {
      "version": "8.3.11",
      "resolved": "https://registry.npmjs.org/postcss/-/postcss-8.3.11.tgz",
      "integrity": "sha512-hCmlUAIlUiav8Xdqw3Io4LcpA1DOt7h3LSTAC4G6JGHFFaWzI6qvFt9oilvl8BmkbBRX1IhM90ZAmpk68zccQA==",
      "dev": true,
      "license": "MIT",
      "dependencies": {
        "nanoid": "^3.1.30",
        "picocolors": "^1.0.0",
        "source-map-js": "^0.6.2"
      },
      "engines": {
        "node": "^10 || ^12 || >=14"
      },
      "funding": {
        "type": "opencollective",
        "url": "https://opencollective.com/postcss/"
      }
    },
    "node_modules/regenerator-runtime": {
      "version": "0.13.9",
      "resolved": "https://registry.npmjs.org/regenerator-runtime/-/regenerator-runtime-0.13.9.tgz",
      "integrity": "sha512-p3VT+cOEgxFsRRA9X4lkI1E+k2/CtnKtU4gcxyaCUreilL/vqI6CdZ3wxVUx3UOUg+gnUOQQcRI7BmSI656MYA==",
      "dev": true,
      "license": "MIT"
    },
    "node_modules/resolve": {
      "version": "1.20.0",
      "resolved": "https://registry.npmjs.org/resolve/-/resolve-1.20.0.tgz",
      "integrity": "sha512-wENBPt4ySzg4ybFQW2TT1zMQucPK95HSh/nq2CFTZVOGut2+pQvSsgtda4d26YrYcr067wjbmzOG8byDPBX63A==",
      "dev": true,
      "license": "MIT",
      "dependencies": {
        "is-core-module": "^2.2.0",
        "path-parse": "^1.0.6"
      },
      "funding": {
        "url": "https://github.com/sponsors/ljharb"
      }
    },
    "node_modules/rollup": {
      "version": "2.58.3",
      "resolved": "https://registry.npmjs.org/rollup/-/rollup-2.58.3.tgz",
      "integrity": "sha512-ei27MSw1KhRur4p87Q0/Va2NAYqMXOX++FNEumMBcdreIRLURKy+cE2wcDJKBn0nfmhP2ZGrJkP1XPO+G8FJQw==",
      "dev": true,
      "license": "MIT",
      "bin": {
        "rollup": "dist/bin/rollup"
      },
      "engines": {
        "node": ">=10.0.0"
      },
      "optionalDependencies": {
        "fsevents": "~2.3.2"
      }
    },
    "node_modules/source-map-js": {
      "version": "0.6.2",
      "resolved": "https://registry.npmjs.org/source-map-js/-/source-map-js-0.6.2.tgz",
      "integrity": "sha512-/3GptzWzu0+0MBQFrDKzw/DvvMTUORvgY6k6jd/VS6iCR4RDTKWH6v6WPwQoUO8667uQEf9Oe38DxAYWY5F/Ug==",
      "dev": true,
      "license": "BSD-3-Clause",
      "engines": {
        "node": ">=0.10.0"
      }
    },
    "node_modules/sourcemap-codec": {
      "version": "1.4.8",
      "resolved": "https://registry.npmjs.org/sourcemap-codec/-/sourcemap-codec-1.4.8.tgz",
      "integrity": "sha512-9NykojV5Uih4lgo5So5dtw+f0JgJX30KCNI8gwhz2J9A15wD0Ml6tjHKwf6fTSa6fAdVBdZeNOs9eJ71qCk8vA==",
      "dev": true,
      "license": "MIT"
    },
    "node_modules/systemjs": {
      "version": "6.11.0",
      "resolved": "https://registry.npmjs.org/systemjs/-/systemjs-6.11.0.tgz",
      "integrity": "sha512-7YPIY44j+BoY+E6cGBSw0oCU8SNTTIHKZgftcBdwWkDzs/M86Fdlr21FrzAyph7Zo8r3CFGscyFe4rrBtixrBg==",
      "dev": true,
      "license": "MIT"
    },
    "node_modules/typescript": {
      "version": "4.4.4",
      "resolved": "https://registry.npmjs.org/typescript/-/typescript-4.4.4.tgz",
      "integrity": "sha512-DqGhF5IKoBl8WNf8C1gu8q0xZSInh9j1kJJMqT3a94w1JzVaBU4EXOSMrz9yDqMT0xt3selp83fuFMQ0uzv6qA==",
      "dev": true,
      "license": "Apache-2.0",
      "bin": {
        "tsc": "bin/tsc",
        "tsserver": "bin/tsserver"
      },
      "engines": {
        "node": ">=4.2.0"
      }
    },
    "node_modules/vite": {
      "version": "2.6.12",
      "resolved": "https://registry.npmjs.org/vite/-/vite-2.6.12.tgz",
      "integrity": "sha512-0K7HUgAFiWOCWMkshjunCieTgawoSfmtExTwNoaVc5uTUb3ZEWb3DUP9Ze1l5dZZBxmNrbo5GrmJp2UJA3g+jA==",
      "dev": true,
      "license": "MIT",
      "dependencies": {
        "esbuild": "^0.13.2",
        "postcss": "^8.3.8",
        "resolve": "^1.20.0",
        "rollup": "^2.57.0"
      },
      "bin": {
        "vite": "bin/vite.js"
      },
      "engines": {
        "node": ">=12.2.0"
      },
      "optionalDependencies": {
        "fsevents": "~2.3.2"
      },
      "peerDependencies": {
        "less": "*",
        "sass": "*",
        "stylus": "*"
      },
      "peerDependenciesMeta": {
        "less": {
          "optional": true
        },
        "sass": {
          "optional": true
        },
        "stylus": {
          "optional": true
        }
      }
    }
  },
  "dependencies": {
    "@babel/standalone": {
      "version": "7.15.8",
      "resolved": "https://registry.npmjs.org/@babel/standalone/-/standalone-7.15.8.tgz",
      "integrity": "sha512-EF2uQLeuwflnPRGetWH2Z400ITOSK7YbkXIKxY91EWSiOJ8xsbupT3sx3sFRwVyQgjsHSILFDzLcSo/rGspLhQ==",
      "dev": true
    },
    "@types/angular": {
      "version": "1.8.3",
      "resolved": "https://registry.npmjs.org/@types/angular/-/angular-1.8.3.tgz",
      "integrity": "sha512-vgc5Z+TD07DT7NEUjFm6XMp0kEbGXIa95XmOL5IiHXR9LdrJpcdDh3jl1nCuZbWyzFn5/1OqtMfomcnA1sUFXQ==",
      "dev": true
    },
    "@vitejs/plugin-legacy": {
      "version": "1.6.2",
      "resolved": "https://registry.npmjs.org/@vitejs/plugin-legacy/-/plugin-legacy-1.6.2.tgz",
      "integrity": "sha512-p5Bv/827WUpVN2m95ZYXzmjE3AblFE4CHasVoZ7dIwOPlyNcpg70SehEi5AWqyC0E7C1rHD8Nju9rWoV9uBLiw==",
      "dev": true,
      "requires": {
        "@babel/standalone": "^7.15.7",
        "core-js": "^3.18.1",
        "magic-string": "^0.25.7",
        "regenerator-runtime": "^0.13.9",
        "systemjs": "^6.10.3"
      }
    },
    "angular": {
      "version": "1.8.2",
      "resolved": "https://registry.npmjs.org/angular/-/angular-1.8.2.tgz",
      "integrity": "sha512-IauMOej2xEe7/7Ennahkbb5qd/HFADiNuLSESz9Q27inmi32zB0lnAsFeLEWcox3Gd1F6YhNd1CP7/9IukJ0Gw=="
    },
    "core-js": {
      "version": "3.19.0",
      "resolved": "https://registry.npmjs.org/core-js/-/core-js-3.19.0.tgz",
      "integrity": "sha512-L1TpFRWXZ76vH1yLM+z6KssLZrP8Z6GxxW4auoCj+XiViOzNPJCAuTIkn03BGdFe6Z5clX5t64wRIRypsZQrUg==",
      "dev": true
    },
    "esbuild": {
      "version": "0.13.9",
      "resolved": "https://registry.npmjs.org/esbuild/-/esbuild-0.13.9.tgz",
      "integrity": "sha512-8bYcckmisXjGvBMeylp1PRtu21uOoCDFAgXGGF2BR241zYQDN6ZLNvcmQlnQ7olG0p6PRWmJI8WVH3ca8viPuw==",
      "dev": true,
      "requires": {
        "esbuild-android-arm64": "0.13.9",
        "esbuild-darwin-64": "0.13.9",
        "esbuild-darwin-arm64": "0.13.9",
        "esbuild-freebsd-64": "0.13.9",
        "esbuild-freebsd-arm64": "0.13.9",
        "esbuild-linux-32": "0.13.9",
        "esbuild-linux-64": "0.13.9",
        "esbuild-linux-arm": "0.13.9",
        "esbuild-linux-arm64": "0.13.9",
        "esbuild-linux-mips64le": "0.13.9",
        "esbuild-linux-ppc64le": "0.13.9",
        "esbuild-netbsd-64": "0.13.9",
        "esbuild-openbsd-64": "0.13.9",
        "esbuild-sunos-64": "0.13.9",
        "esbuild-windows-32": "0.13.9",
        "esbuild-windows-64": "0.13.9",
        "esbuild-windows-arm64": "0.13.9"
      }
    },
    "esbuild-linux-64": {
      "version": "0.13.9",
      "resolved": "https://registry.npmjs.org/esbuild-linux-64/-/esbuild-linux-64-0.13.9.tgz",
      "integrity": "sha512-L+eAR8o1lAUr9g64RXnBLuWZjAItAOWSUpvkchpa6QvSnXFA/nG6PgGsOBEqhDXl9qYEpGI0ReDrFkf8ByapvQ==",
      "dev": true,
      "optional": true
    },
    "function-bind": {
      "version": "1.1.1",
      "resolved": "https://registry.npmjs.org/function-bind/-/function-bind-1.1.1.tgz",
      "integrity": "sha512-yIovAzMX49sF8Yl58fSCWJ5svSLuaibPxXQJFLmBObTuCr0Mf1KiPopGM9NiFjiYBCbfaa2Fh6breQ6ANVTI0A==",
      "dev": true
    },
    "has": {
      "version": "1.0.3",
      "resolved": "https://registry.npmjs.org/has/-/has-1.0.3.tgz",
      "integrity": "sha512-f2dvO0VU6Oej7RkWJGrehjbzMAjFp5/VKPp5tTpWIV4JHHZK1/BxbFRtf/siA2SWTe09caDmVtYYzWEIbBS4zw==",
      "dev": true,
      "requires": {
        "function-bind": "^1.1.1"
      }
    },
    "is-core-module": {
      "version": "2.8.0",
      "resolved": "https://registry.npmjs.org/is-core-module/-/is-core-module-2.8.0.tgz",
      "integrity": "sha512-vd15qHsaqrRL7dtH6QNuy0ndJmRDrS9HAM1CAiSifNUFv4x1a0CCVsj18hJ1mShxIG6T2i1sO78MkP56r0nYRw==",
      "dev": true,
      "requires": {
        "has": "^1.0.3"
      }
    },
    "magic-string": {
      "version": "0.25.7",
      "resolved": "https://registry.npmjs.org/magic-string/-/magic-string-0.25.7.tgz",
      "integrity": "sha512-4CrMT5DOHTDk4HYDlzmwu4FVCcIYI8gauveasrdCu2IKIFOJ3f0v/8MDGJCDL9oD2ppz/Av1b0Nj345H9M+XIA==",
      "dev": true,
      "requires": {
        "sourcemap-codec": "^1.4.4"
      }
    },
    "nanoid": {
      "version": "3.1.30",
      "resolved": "https://registry.npmjs.org/nanoid/-/nanoid-3.1.30.tgz",
      "integrity": "sha512-zJpuPDwOv8D2zq2WRoMe1HsfZthVewpel9CAvTfc/2mBD1uUT/agc5f7GHGWXlYkFvi1mVxe4IjvP2HNrop7nQ==",
      "dev": true
    },
    "path-parse": {
      "version": "1.0.7",
      "resolved": "https://registry.npmjs.org/path-parse/-/path-parse-1.0.7.tgz",
      "integrity": "sha512-LDJzPVEEEPR+y48z93A0Ed0yXb8pAByGWo/k5YYdYgpY2/2EsOsksJrq7lOHxryrVOn1ejG6oAp8ahvOIQD8sw==",
      "dev": true
    },
    "picocolors": {
      "version": "1.0.0",
      "resolved": "https://registry.npmjs.org/picocolors/-/picocolors-1.0.0.tgz",
      "integrity": "sha512-1fygroTLlHu66zi26VoTDv8yRgm0Fccecssto+MhsZ0D/DGW2sm8E8AjW7NU5VVTRt5GxbeZ5qBuJr+HyLYkjQ==",
      "dev": true
    },
    "postcss": {
      "version": "8.3.11",
      "resolved": "https://registry.npmjs.org/postcss/-/postcss-8.3.11.tgz",
      "integrity": "sha512-hCmlUAIlUiav8Xdqw3Io4LcpA1DOt7h3LSTAC4G6JGHFFaWzI6qvFt9oilvl8BmkbBRX1IhM90ZAmpk68zccQA==",
      "dev": true,
      "requires": {
        "nanoid": "^3.1.30",
        "picocolors": "^1.0.0",
        "source-map-js": "^0.6.2"
      }
    },
    "regenerator-runtime": {
      "version": "0.13.9",
      "resolved": "https://registry.npmjs.org/regenerator-runtime/-/regenerator-runtime-0.13.9.tgz",
      "integrity": "sha512-p3VT+cOEgxFsRRA9X4lkI1E+k2/CtnKtU4gcxyaCUreilL/vqI6CdZ3wxVUx3UOUg+gnUOQQcRI7BmSI656MYA==",
      "dev": true
    },
    "resolve": {
      "version": "1.20.0",
      "resolved": "https://registry.npmjs.org/resolve/-/resolve-1.20.0.tgz",
      "integrity": "sha512-wENBPt4ySzg4ybFQW2TT1zMQucPK95HSh/nq2CFTZVOGut2+pQvSsgtda4d26YrYcr067wjbmzOG8byDPBX63A==",
      "dev": true,
      "requires": {
        "is-core-module": "^2.2.0",
        "path-parse": "^1.0.6"
      }
    },
    "rollup": {
      "version": "2.58.3",
      "resolved": "https://registry.npmjs.org/rollup/-/rollup-2.58.3.tgz",
      "integrity": "sha512-ei27MSw1KhRur4p87Q0/Va2NAYqMXOX++FNEumMBcdreIRLURKy+cE2wcDJKBn0nfmhP2ZGrJkP1XPO+G8FJQw==",
      "dev": true,
      "requires": {
        "fsevents": "~2.3.2"
      }
    },
    "source-map-js": {
      "version": "0.6.2",
      "resolved": "https://registry.npmjs.org/source-map-js/-/source-map-js-0.6.2.tgz",
      "integrity": "sha512-/3GptzWzu0+0MBQFrDKzw/DvvMTUORvgY6k6jd/VS6iCR4RDTKWH6v6WPwQoUO8667uQEf9Oe38DxAYWY5F/Ug==",
      "dev": true
    },
    "sourcemap-codec": {
      "version": "1.4.8",
      "resolved": "https://registry.npmjs.org/sourcemap-codec/-/sourcemap-codec-1.4.8.tgz",
      "integrity": "sha512-9NykojV5Uih4lgo5So5dtw+f0JgJX30KCNI8gwhz2J9A15wD0Ml6tjHKwf6fTSa6fAdVBdZeNOs9eJ71qCk8vA==",
      "dev": true
    },
    "systemjs": {
      "version": "6.11.0",
      "resolved": "https://registry.npmjs.org/systemjs/-/systemjs-6.11.0.tgz",
      "integrity": "sha512-7YPIY44j+BoY+E6cGBSw0oCU8SNTTIHKZgftcBdwWkDzs/M86Fdlr21FrzAyph7Zo8r3CFGscyFe4rrBtixrBg==",
      "dev": true
    },
    "typescript": {
      "version": "4.4.4",
      "resolved": "https://registry.npmjs.org/typescript/-/typescript-4.4.4.tgz",
      "integrity": "sha512-DqGhF5IKoBl8WNf8C1gu8q0xZSInh9j1kJJMqT3a94w1JzVaBU4EXOSMrz9yDqMT0xt3selp83fuFMQ0uzv6qA==",
      "dev": true
    },
    "vite": {
      "version": "2.6.12",
      "resolved": "https://registry.npmjs.org/vite/-/vite-2.6.12.tgz",
      "integrity": "sha512-0K7HUgAFiWOCWMkshjunCieTgawoSfmtExTwNoaVc5uTUb3ZEWb3DUP9Ze1l5dZZBxmNrbo5GrmJp2UJA3g+jA==",
      "dev": true,
      "requires": {
        "esbuild": "^0.13.2",
        "fsevents": "~2.3.2",
        "postcss": "^8.3.8",
        "resolve": "^1.20.0",
        "rollup": "^2.57.0"
      }
    }
  }
}
